{
  "name": "astro-lunr",
  "version": "0.0.1",
  "lockfileVersion": 2,
  "requires": true,
  "packages": {
    "": {
      "name": "astro-lunr",
      "version": "0.0.1",
      "license": "GPL-3.0",
      "dependencies": {
        "lunr": "^2.3.9",
        "rehype": "^12.0.1"
      }
    },
    "node_modules/@types/hast": {
      "version": "2.3.4",
      "resolved": "https://registry.npmjs.org/@types/hast/-/hast-2.3.4.tgz",
      "integrity": "sha512-wLEm0QvaoawEDoTRwzTXp4b4jpwiJDvR5KMnFnVodm3scufTlBOWRD6N1OBf9TZMhjlNsSfcO5V+7AF4+Vy+9g==",
      "dependencies": {
        "@types/unist": "*"
      }
    },
    "node_modules/@types/parse5": {
      "version": "6.0.3",
      "resolved": "https://registry.npmjs.org/@types/parse5/-/parse5-6.0.3.tgz",
      "integrity": "sha512-SuT16Q1K51EAVPz1K29DJ/sXjhSQ0zjvsypYJ6tlwVsRV9jwW5Adq2ch8Dq8kDBCkYnELS7N7VNCSB5nC56t/g=="
    },
    "node_modules/@types/unist": {
      "version": "2.0.6",
      "resolved": "https://registry.npmjs.org/@types/unist/-/unist-2.0.6.tgz",
      "integrity": "sha512-PBjIUxZHOuj0R15/xuwJYjFi+KZdNFrehocChv4g5hu6aFroHue8m0lBP0POdK2nKzbw0cgV1mws8+V/JAcEkQ=="
    },
    "node_modules/bail": {
      "version": "2.0.2",
      "resolved": "https://registry.npmjs.org/bail/-/bail-2.0.2.tgz",
      "integrity": "sha512-0xO6mYd7JB2YesxDKplafRpsiOzPt9V02ddPCLbY1xYGPOX24NTyN50qnUxgCPcSoYMhKpAuBTjQoRZCAkUDRw==",
      "funding": {
        "type": "github",
        "url": "https://github.com/sponsors/wooorm"
      }
    },
    "node_modules/ccount": {
      "version": "2.0.1",
      "resolved": "https://registry.npmjs.org/ccount/-/ccount-2.0.1.tgz",
      "integrity": "sha512-eyrF0jiFpY+3drT6383f1qhkbGsLSifNAjA61IUjZjmLCWjItY6LB9ft9YhoDgwfmclB2zhu51Lc7+95b8NRAg==",
      "funding": {
        "type": "github",
        "url": "https://github.com/sponsors/wooorm"
      }
    },
    "node_modules/character-entities-html4": {
      "version": "2.1.0",
      "resolved": "https://registry.npmjs.org/character-entities-html4/-/character-entities-html4-2.1.0.tgz",
      "integrity": "sha512-1v7fgQRj6hnSwFpq1Eu0ynr/CDEw0rXo2B61qXrLNdHZmPKgb7fqS1a2JwF0rISo9q77jDI8VMEHoApn8qDoZA==",
      "funding": {
        "type": "github",
        "url": "https://github.com/sponsors/wooorm"
      }
    },
    "node_modules/character-entities-legacy": {
      "version": "3.0.0",
      "resolved": "https://registry.npmjs.org/character-entities-legacy/-/character-entities-legacy-3.0.0.tgz",
      "integrity": "sha512-RpPp0asT/6ufRm//AJVwpViZbGM/MkjQFxJccQRHmISF/22NBtsHqAWmL+/pmkPWoIUJdWyeVleTl1wydHATVQ==",
      "funding": {
        "type": "github",
        "url": "https://github.com/sponsors/wooorm"
      }
    },
    "node_modules/comma-separated-tokens": {
      "version": "2.0.2",
      "resolved": "https://registry.npmjs.org/comma-separated-tokens/-/comma-separated-tokens-2.0.2.tgz",
      "integrity": "sha512-G5yTt3KQN4Yn7Yk4ed73hlZ1evrFKXeUW3086p3PRFNp7m2vIjI6Pg+Kgb+oyzhd9F2qdcoj67+y3SdxL5XWsg==",
      "funding": {
        "type": "github",
        "url": "https://github.com/sponsors/wooorm"
      }
    },
    "node_modules/extend": {
      "version": "3.0.2",
      "resolved": "https://registry.npmjs.org/extend/-/extend-3.0.2.tgz",
      "integrity": "sha512-fjquC59cD7CyW6urNXK0FBufkZcoiGG80wTuPujX590cB5Ttln20E2UB4S/WARVqhXffZl2LNgS+gQdPIIim/g=="
    },
    "node_modules/hast-util-from-parse5": {
      "version": "7.1.0",
      "resolved": "https://registry.npmjs.org/hast-util-from-parse5/-/hast-util-from-parse5-7.1.0.tgz",
      "integrity": "sha512-m8yhANIAccpU4K6+121KpPP55sSl9/samzQSQGpb0mTExcNh2WlvjtMwSWFhg6uqD4Rr6Nfa8N6TMypQM51rzQ==",
      "dependencies": {
        "@types/hast": "^2.0.0",
        "@types/parse5": "^6.0.0",
        "@types/unist": "^2.0.0",
        "hastscript": "^7.0.0",
        "property-information": "^6.0.0",
        "vfile": "^5.0.0",
        "vfile-location": "^4.0.0",
        "web-namespaces": "^2.0.0"
      },
      "funding": {
        "type": "opencollective",
        "url": "https://opencollective.com/unified"
      }
    },
    "node_modules/hast-util-is-element": {
      "version": "2.1.2",
      "resolved": "https://registry.npmjs.org/hast-util-is-element/-/hast-util-is-element-2.1.2.tgz",
      "integrity": "sha512-thjnlGAnwP8ef/GSO1Q8BfVk2gundnc2peGQqEg2kUt/IqesiGg/5mSwN2fE7nLzy61pg88NG6xV+UrGOrx9EA==",
      "dependencies": {
        "@types/hast": "^2.0.0",
        "@types/unist": "^2.0.0"
      },
      "funding": {
        "type": "opencollective",
        "url": "https://opencollective.com/unified"
      }
    },
    "node_modules/hast-util-parse-selector": {
      "version": "3.1.0",
      "resolved": "https://registry.npmjs.org/hast-util-parse-selector/-/hast-util-parse-selector-3.1.0.tgz",
      "integrity": "sha512-AyjlI2pTAZEOeu7GeBPZhROx0RHBnydkQIXlhnFzDi0qfXTmGUWoCYZtomHbrdrheV4VFUlPcfJ6LMF5T6sQzg==",
      "dependencies": {
        "@types/hast": "^2.0.0"
      },
      "funding": {
        "type": "opencollective",
        "url": "https://opencollective.com/unified"
      }
    },
    "node_modules/hast-util-to-html": {
      "version": "8.0.3",
      "resolved": "https://registry.npmjs.org/hast-util-to-html/-/hast-util-to-html-8.0.3.tgz",
      "integrity": "sha512-/D/E5ymdPYhHpPkuTHOUkSatxr4w1ZKrZsG0Zv/3C2SRVT0JFJG53VS45AMrBtYk0wp5A7ksEhiC8QaOZM95+A==",
      "dependencies": {
        "@types/hast": "^2.0.0",
        "ccount": "^2.0.0",
        "comma-separated-tokens": "^2.0.0",
        "hast-util-is-element": "^2.0.0",
        "hast-util-whitespace": "^2.0.0",
        "html-void-elements": "^2.0.0",
        "property-information": "^6.0.0",
        "space-separated-tokens": "^2.0.0",
        "stringify-entities": "^4.0.2",
        "unist-util-is": "^5.0.0"
      },
      "funding": {
        "type": "opencollective",
        "url": "https://opencollective.com/unified"
      }
    },
    "node_modules/hast-util-whitespace": {
      "version": "2.0.0",
      "resolved": "https://registry.npmjs.org/hast-util-whitespace/-/hast-util-whitespace-2.0.0.tgz",
      "integrity": "sha512-Pkw+xBHuV6xFeJprJe2BBEoDV+AvQySaz3pPDRUs5PNZEMQjpXJJueqrpcHIXxnWTcAGi/UOCgVShlkY6kLoqg==",
      "funding": {
        "type": "opencollective",
        "url": "https://opencollective.com/unified"
      }
    },
    "node_modules/hastscript": {
      "version": "7.0.2",
      "resolved": "https://registry.npmjs.org/hastscript/-/hastscript-7.0.2.tgz",
      "integrity": "sha512-uA8ooUY4ipaBvKcMuPehTAB/YfFLSSzCwFSwT6ltJbocFUKH/GDHLN+tflq7lSRf9H86uOuxOFkh1KgIy3Gg2g==",
      "dependencies": {
        "@types/hast": "^2.0.0",
        "comma-separated-tokens": "^2.0.0",
        "hast-util-parse-selector": "^3.0.0",
        "property-information": "^6.0.0",
        "space-separated-tokens": "^2.0.0"
      },
      "funding": {
        "type": "opencollective",
        "url": "https://opencollective.com/unified"
      }
    },
    "node_modules/html-void-elements": {
      "version": "2.0.1",
      "resolved": "https://registry.npmjs.org/html-void-elements/-/html-void-elements-2.0.1.tgz",
      "integrity": "sha512-0quDb7s97CfemeJAnW9wC0hw78MtW7NU3hqtCD75g2vFlDLt36llsYD7uB7SUzojLMP24N5IatXf7ylGXiGG9A==",
      "funding": {
        "type": "github",
        "url": "https://github.com/sponsors/wooorm"
      }
    },
    "node_modules/is-buffer": {
      "version": "2.0.5",
      "resolved": "https://registry.npmjs.org/is-buffer/-/is-buffer-2.0.5.tgz",
      "integrity": "sha512-i2R6zNFDwgEHJyQUtJEk0XFi1i0dPFn/oqjK3/vPCcDeJvW5NQ83V8QbicfF1SupOaB0h8ntgBC2YiE7dfyctQ==",
      "funding": [
        {
          "type": "github",
          "url": "https://github.com/sponsors/feross"
        },
        {
          "type": "patreon",
          "url": "https://www.patreon.com/feross"
        },
        {
          "type": "consulting",
          "url": "https://feross.org/support"
        }
      ],
      "engines": {
        "node": ">=4"
      }
    },
    "node_modules/is-plain-obj": {
      "version": "4.0.0",
      "resolved": "https://registry.npmjs.org/is-plain-obj/-/is-plain-obj-4.0.0.tgz",
      "integrity": "sha512-NXRbBtUdBioI73y/HmOhogw/U5msYPC9DAtGkJXeFcFWSFZw0mCUsPxk/snTuJHzNKA8kLBK4rH97RMB1BfCXw==",
      "engines": {
        "node": ">=12"
      },
      "funding": {
        "url": "https://github.com/sponsors/sindresorhus"
      }
    },
    "node_modules/lunr": {
      "version": "2.3.9",
      "resolved": "https://registry.npmjs.org/lunr/-/lunr-2.3.9.tgz",
      "integrity": "sha512-zTU3DaZaF3Rt9rhN3uBMGQD3dD2/vFQqnvZCDv4dl5iOzq2IZQqTxu90r4E5J+nP70J3ilqVCrbho2eWaeW8Ow=="
    },
    "node_modules/parse5": {
      "version": "6.0.1",
      "resolved": "https://registry.npmjs.org/parse5/-/parse5-6.0.1.tgz",
      "integrity": "sha512-Ofn/CTFzRGTTxwpNEs9PP93gXShHcTq255nzRYSKe8AkVpZY7e1fpmTfOyoIvjP5HG7Z2ZM7VS9PPhQGW2pOpw=="
    },
    "node_modules/property-information": {
      "version": "6.1.1",
      "resolved": "https://registry.npmjs.org/property-information/-/property-information-6.1.1.tgz",
      "integrity": "sha512-hrzC564QIl0r0vy4l6MvRLhafmUowhO/O3KgVSoXIbbA2Sz4j8HGpJc6T2cubRVwMwpdiG/vKGfhT4IixmKN9w==",
      "funding": {
        "type": "github",
        "url": "https://github.com/sponsors/wooorm"
      }
    },
    "node_modules/rehype": {
      "version": "12.0.1",
      "resolved": "https://registry.npmjs.org/rehype/-/rehype-12.0.1.tgz",
      "integrity": "sha512-ey6kAqwLM3X6QnMDILJthGvG1m1ULROS9NT4uG9IDCuv08SFyLlreSuvOa//DgEvbXx62DS6elGVqusWhRUbgw==",
      "dependencies": {
        "@types/hast": "^2.0.0",
        "rehype-parse": "^8.0.0",
        "rehype-stringify": "^9.0.0",
        "unified": "^10.0.0"
      },
      "funding": {
        "type": "opencollective",
        "url": "https://opencollective.com/unified"
      }
    },
    "node_modules/rehype-parse": {
      "version": "8.0.4",
      "resolved": "https://registry.npmjs.org/rehype-parse/-/rehype-parse-8.0.4.tgz",
      "integrity": "sha512-MJJKONunHjoTh4kc3dsM1v3C9kGrrxvA3U8PxZlP2SjH8RNUSrb+lF7Y0KVaUDnGH2QZ5vAn7ulkiajM9ifuqg==",
      "dependencies": {
        "@types/hast": "^2.0.0",
        "hast-util-from-parse5": "^7.0.0",
        "parse5": "^6.0.0",
        "unified": "^10.0.0"
      },
      "funding": {
        "type": "opencollective",
        "url": "https://opencollective.com/unified"
      }
    },
    "node_modules/rehype-stringify": {
      "version": "9.0.3",
      "resolved": "https://registry.npmjs.org/rehype-stringify/-/rehype-stringify-9.0.3.tgz",
      "integrity": "sha512-kWiZ1bgyWlgOxpqD5HnxShKAdXtb2IUljn3hQAhySeak6IOQPPt6DeGnsIh4ixm7yKJWzm8TXFuC/lPfcWHJqw==",
      "dependencies": {
        "@types/hast": "^2.0.0",
        "hast-util-to-html": "^8.0.0",
        "unified": "^10.0.0"
      },
      "funding": {
        "type": "opencollective",
        "url": "https://opencollective.com/unified"
      }
    },
    "node_modules/space-separated-tokens": {
      "version": "2.0.1",
      "resolved": "https://registry.npmjs.org/space-separated-tokens/-/space-separated-tokens-2.0.1.tgz",
      "integrity": "sha512-ekwEbFp5aqSPKaqeY1PGrlGQxPNaq+Cnx4+bE2D8sciBQrHpbwoBbawqTN2+6jPs9IdWxxiUcN0K2pkczD3zmw==",
      "funding": {
        "type": "github",
        "url": "https://github.com/sponsors/wooorm"
      }
    },
    "node_modules/stringify-entities": {
      "version": "4.0.2",
      "resolved": "https://registry.npmjs.org/stringify-entities/-/stringify-entities-4.0.2.tgz",
      "integrity": "sha512-MTxTVcEkorNtBbNpoFJPEh0kKdM6+QbMjLbaxmvaPMmayOXdr/AIVIIJX7FReUVweRBFJfZepK4A4AKgwuFpMQ==",
      "dependencies": {
        "character-entities-html4": "^2.0.0",
        "character-entities-legacy": "^3.0.0"
      },
      "funding": {
        "type": "github",
        "url": "https://github.com/sponsors/wooorm"
      }
    },
    "node_modules/trough": {
      "version": "2.1.0",
      "resolved": "https://registry.npmjs.org/trough/-/trough-2.1.0.tgz",
      "integrity": "sha512-AqTiAOLcj85xS7vQ8QkAV41hPDIJ71XJB4RCUrzo/1GM2CQwhkJGaf9Hgr7BOugMRpgGUrqRg/DrBDl4H40+8g==",
      "funding": {
        "type": "github",
        "url": "https://github.com/sponsors/wooorm"
      }
    },
    "node_modules/unified": {
      "version": "10.1.2",
      "resolved": "https://registry.npmjs.org/unified/-/unified-10.1.2.tgz",
      "integrity": "sha512-pUSWAi/RAnVy1Pif2kAoeWNBa3JVrx0MId2LASj8G+7AiHWoKZNTomq6LG326T68U7/e263X6fTdcXIy7XnF7Q==",
      "dependencies": {
        "@types/unist": "^2.0.0",
        "bail": "^2.0.0",
        "extend": "^3.0.0",
        "is-buffer": "^2.0.0",
        "is-plain-obj": "^4.0.0",
        "trough": "^2.0.0",
        "vfile": "^5.0.0"
      },
      "funding": {
        "type": "opencollective",
        "url": "https://opencollective.com/unified"
      }
    },
    "node_modules/unist-util-is": {
      "version": "5.1.1",
      "resolved": "https://registry.npmjs.org/unist-util-is/-/unist-util-is-5.1.1.tgz",
      "integrity": "sha512-F5CZ68eYzuSvJjGhCLPL3cYx45IxkqXSetCcRgUXtbcm50X2L9oOWQlfUfDdAf+6Pd27YDblBfdtmsThXmwpbQ==",
      "funding": {
        "type": "opencollective",
        "url": "https://opencollective.com/unified"
      }
    },
    "node_modules/unist-util-stringify-position": {
      "version": "3.0.2",
      "resolved": "https://registry.npmjs.org/unist-util-stringify-position/-/unist-util-stringify-position-3.0.2.tgz",
      "integrity": "sha512-7A6eiDCs9UtjcwZOcCpM4aPII3bAAGv13E96IkawkOAW0OhH+yRxtY0lzo8KiHpzEMfH7Q+FizUmwp8Iqy5EWg==",
      "dependencies": {
        "@types/unist": "^2.0.0"
      },
      "funding": {
        "type": "opencollective",
        "url": "https://opencollective.com/unified"
      }
    },
    "node_modules/vfile": {
      "version": "5.3.2",
      "resolved": "https://registry.npmjs.org/vfile/-/vfile-5.3.2.tgz",
      "integrity": "sha512-w0PLIugRY3Crkgw89TeMvHCzqCs/zpreR31hl4D92y6SOE07+bfJe+dK5Q2akwS+i/c801kzjoOr9gMcTe6IAA==",
      "dependencies": {
        "@types/unist": "^2.0.0",
        "is-buffer": "^2.0.0",
        "unist-util-stringify-position": "^3.0.0",
        "vfile-message": "^3.0.0"
      },
      "funding": {
        "type": "opencollective",
        "url": "https://opencollective.com/unified"
      }
    },
    "node_modules/vfile-location": {
      "version": "4.0.1",
      "resolved": "https://registry.npmjs.org/vfile-location/-/vfile-location-4.0.1.tgz",
      "integrity": "sha512-JDxPlTbZrZCQXogGheBHjbRWjESSPEak770XwWPfw5mTc1v1nWGLB/apzZxsx8a0SJVfF8HK8ql8RD308vXRUw==",
      "dependencies": {
        "@types/unist": "^2.0.0",
        "vfile": "^5.0.0"
      },
      "funding": {
        "type": "opencollective",
        "url": "https://opencollective.com/unified"
      }
    },
    "node_modules/vfile-message": {
      "version": "3.1.2",
      "resolved": "https://registry.npmjs.org/vfile-message/-/vfile-message-3.1.2.tgz",
      "integrity": "sha512-QjSNP6Yxzyycd4SVOtmKKyTsSvClqBPJcd00Z0zuPj3hOIjg0rUPG6DbFGPvUKRgYyaIWLPKpuEclcuvb3H8qA==",
      "dependencies": {
        "@types/unist": "^2.0.0",
        "unist-util-stringify-position": "^3.0.0"
      },
      "funding": {
        "type": "opencollective",
        "url": "https://opencollective.com/unified"
      }
    },
    "node_modules/web-namespaces": {
      "version": "2.0.1",
      "resolved": "https://registry.npmjs.org/web-namespaces/-/web-namespaces-2.0.1.tgz",
      "integrity": "sha512-bKr1DkiNa2krS7qxNtdrtHAmzuYGFQLiQ13TsorsdT6ULTkPLKuu5+GsFpDlg6JFjUTwX2DyhMPG2be8uPrqsQ==",
      "funding": {
        "type": "github",
        "url": "https://github.com/sponsors/wooorm"
      }
    }
  },
  "dependencies": {
    "@types/hast": {
      "version": "2.3.4",
      "resolved": "https://registry.npmjs.org/@types/hast/-/hast-2.3.4.tgz",
      "integrity": "sha512-wLEm0QvaoawEDoTRwzTXp4b4jpwiJDvR5KMnFnVodm3scufTlBOWRD6N1OBf9TZMhjlNsSfcO5V+7AF4+Vy+9g==",
      "requires": {
        "@types/unist": "*"
      }
    },
    "@types/parse5": {
      "version": "6.0.3",
      "resolved": "https://registry.npmjs.org/@types/parse5/-/parse5-6.0.3.tgz",
      "integrity": "sha512-SuT16Q1K51EAVPz1K29DJ/sXjhSQ0zjvsypYJ6tlwVsRV9jwW5Adq2ch8Dq8kDBCkYnELS7N7VNCSB5nC56t/g=="
    },
    "@types/unist": {
      "version": "2.0.6",
      "resolved": "https://registry.npmjs.org/@types/unist/-/unist-2.0.6.tgz",
      "integrity": "sha512-PBjIUxZHOuj0R15/xuwJYjFi+KZdNFrehocChv4g5hu6aFroHue8m0lBP0POdK2nKzbw0cgV1mws8+V/JAcEkQ=="
    },
    "bail": {
      "version": "2.0.2",
      "resolved": "https://registry.npmjs.org/bail/-/bail-2.0.2.tgz",
      "integrity": "sha512-0xO6mYd7JB2YesxDKplafRpsiOzPt9V02ddPCLbY1xYGPOX24NTyN50qnUxgCPcSoYMhKpAuBTjQoRZCAkUDRw=="
    },
    "ccount": {
      "version": "2.0.1",
      "resolved": "https://registry.npmjs.org/ccount/-/ccount-2.0.1.tgz",
      "integrity": "sha512-eyrF0jiFpY+3drT6383f1qhkbGsLSifNAjA61IUjZjmLCWjItY6LB9ft9YhoDgwfmclB2zhu51Lc7+95b8NRAg=="
    },
    "character-entities-html4": {
      "version": "2.1.0",
      "resolved": "https://registry.npmjs.org/character-entities-html4/-/character-entities-html4-2.1.0.tgz",
      "integrity": "sha512-1v7fgQRj6hnSwFpq1Eu0ynr/CDEw0rXo2B61qXrLNdHZmPKgb7fqS1a2JwF0rISo9q77jDI8VMEHoApn8qDoZA=="
    },
    "character-entities-legacy": {
      "version": "3.0.0",
      "resolved": "https://registry.npmjs.org/character-entities-legacy/-/character-entities-legacy-3.0.0.tgz",
      "integrity": "sha512-RpPp0asT/6ufRm//AJVwpViZbGM/MkjQFxJccQRHmISF/22NBtsHqAWmL+/pmkPWoIUJdWyeVleTl1wydHATVQ=="
    },
    "comma-separated-tokens": {
      "version": "2.0.2",
      "resolved": "https://registry.npmjs.org/comma-separated-tokens/-/comma-separated-tokens-2.0.2.tgz",
      "integrity": "sha512-G5yTt3KQN4Yn7Yk4ed73hlZ1evrFKXeUW3086p3PRFNp7m2vIjI6Pg+Kgb+oyzhd9F2qdcoj67+y3SdxL5XWsg=="
    },
    "extend": {
      "version": "3.0.2",
      "resolved": "https://registry.npmjs.org/extend/-/extend-3.0.2.tgz",
      "integrity": "sha512-fjquC59cD7CyW6urNXK0FBufkZcoiGG80wTuPujX590cB5Ttln20E2UB4S/WARVqhXffZl2LNgS+gQdPIIim/g=="
    },
    "hast-util-from-parse5": {
      "version": "7.1.0",
      "resolved": "https://registry.npmjs.org/hast-util-from-parse5/-/hast-util-from-parse5-7.1.0.tgz",
      "integrity": "sha512-m8yhANIAccpU4K6+121KpPP55sSl9/samzQSQGpb0mTExcNh2WlvjtMwSWFhg6uqD4Rr6Nfa8N6TMypQM51rzQ==",
      "requires": {
        "@types/hast": "^2.0.0",
        "@types/parse5": "^6.0.0",
        "@types/unist": "^2.0.0",
        "hastscript": "^7.0.0",
        "property-information": "^6.0.0",
        "vfile": "^5.0.0",
        "vfile-location": "^4.0.0",
        "web-namespaces": "^2.0.0"
      }
    },
    "hast-util-is-element": {
      "version": "2.1.2",
      "resolved": "https://registry.npmjs.org/hast-util-is-element/-/hast-util-is-element-2.1.2.tgz",
      "integrity": "sha512-thjnlGAnwP8ef/GSO1Q8BfVk2gundnc2peGQqEg2kUt/IqesiGg/5mSwN2fE7nLzy61pg88NG6xV+UrGOrx9EA==",
      "requires": {
        "@types/hast": "^2.0.0",
        "@types/unist": "^2.0.0"
      }
    },
    "hast-util-parse-selector": {
      "version": "3.1.0",
      "resolved": "https://registry.npmjs.org/hast-util-parse-selector/-/hast-util-parse-selector-3.1.0.tgz",
      "integrity": "sha512-AyjlI2pTAZEOeu7GeBPZhROx0RHBnydkQIXlhnFzDi0qfXTmGUWoCYZtomHbrdrheV4VFUlPcfJ6LMF5T6sQzg==",
      "requires": {
        "@types/hast": "^2.0.0"
      }
    },
    "hast-util-to-html": {
      "version": "8.0.3",
      "resolved": "https://registry.npmjs.org/hast-util-to-html/-/hast-util-to-html-8.0.3.tgz",
      "integrity": "sha512-/D/E5ymdPYhHpPkuTHOUkSatxr4w1ZKrZsG0Zv/3C2SRVT0JFJG53VS45AMrBtYk0wp5A7ksEhiC8QaOZM95+A==",
      "requires": {
        "@types/hast": "^2.0.0",
        "ccount": "^2.0.0",
        "comma-separated-tokens": "^2.0.0",
        "hast-util-is-element": "^2.0.0",
        "hast-util-whitespace": "^2.0.0",
        "html-void-elements": "^2.0.0",
        "property-information": "^6.0.0",
        "space-separated-tokens": "^2.0.0",
        "stringify-entities": "^4.0.2",
        "unist-util-is": "^5.0.0"
      }
    },
    "hast-util-whitespace": {
      "version": "2.0.0",
      "resolved": "https://registry.npmjs.org/hast-util-whitespace/-/hast-util-whitespace-2.0.0.tgz",
      "integrity": "sha512-Pkw+xBHuV6xFeJprJe2BBEoDV+AvQySaz3pPDRUs5PNZEMQjpXJJueqrpcHIXxnWTcAGi/UOCgVShlkY6kLoqg=="
    },
    "hastscript": {
      "version": "7.0.2",
      "resolved": "https://registry.npmjs.org/hastscript/-/hastscript-7.0.2.tgz",
      "integrity": "sha512-uA8ooUY4ipaBvKcMuPehTAB/YfFLSSzCwFSwT6ltJbocFUKH/GDHLN+tflq7lSRf9H86uOuxOFkh1KgIy3Gg2g==",
      "requires": {
        "@types/hast": "^2.0.0",
        "comma-separated-tokens": "^2.0.0",
        "hast-util-parse-selector": "^3.0.0",
        "property-information": "^6.0.0",
        "space-separated-tokens": "^2.0.0"
      }
    },
    "html-void-elements": {
      "version": "2.0.1",
      "resolved": "https://registry.npmjs.org/html-void-elements/-/html-void-elements-2.0.1.tgz",
      "integrity": "sha512-0quDb7s97CfemeJAnW9wC0hw78MtW7NU3hqtCD75g2vFlDLt36llsYD7uB7SUzojLMP24N5IatXf7ylGXiGG9A=="
    },
    "is-buffer": {
      "version": "2.0.5",
      "resolved": "https://registry.npmjs.org/is-buffer/-/is-buffer-2.0.5.tgz",
      "integrity": "sha512-i2R6zNFDwgEHJyQUtJEk0XFi1i0dPFn/oqjK3/vPCcDeJvW5NQ83V8QbicfF1SupOaB0h8ntgBC2YiE7dfyctQ=="
    },
    "is-plain-obj": {
      "version": "4.0.0",
      "resolved": "https://registry.npmjs.org/is-plain-obj/-/is-plain-obj-4.0.0.tgz",
      "integrity": "sha512-NXRbBtUdBioI73y/HmOhogw/U5msYPC9DAtGkJXeFcFWSFZw0mCUsPxk/snTuJHzNKA8kLBK4rH97RMB1BfCXw=="
    },
    "lunr": {
      "version": "2.3.9",
      "resolved": "https://registry.npmjs.org/lunr/-/lunr-2.3.9.tgz",
      "integrity": "sha512-zTU3DaZaF3Rt9rhN3uBMGQD3dD2/vFQqnvZCDv4dl5iOzq2IZQqTxu90r4E5J+nP70J3ilqVCrbho2eWaeW8Ow=="
    },
    "parse5": {
      "version": "6.0.1",
      "resolved": "https://registry.npmjs.org/parse5/-/parse5-6.0.1.tgz",
      "integrity": "sha512-Ofn/CTFzRGTTxwpNEs9PP93gXShHcTq255nzRYSKe8AkVpZY7e1fpmTfOyoIvjP5HG7Z2ZM7VS9PPhQGW2pOpw=="
    },
    "property-information": {
      "version": "6.1.1",
      "resolved": "https://registry.npmjs.org/property-information/-/property-information-6.1.1.tgz",
      "integrity": "sha512-hrzC564QIl0r0vy4l6MvRLhafmUowhO/O3KgVSoXIbbA2Sz4j8HGpJc6T2cubRVwMwpdiG/vKGfhT4IixmKN9w=="
    },
    "rehype": {
      "version": "12.0.1",
      "resolved": "https://registry.npmjs.org/rehype/-/rehype-12.0.1.tgz",
      "integrity": "sha512-ey6kAqwLM3X6QnMDILJthGvG1m1ULROS9NT4uG9IDCuv08SFyLlreSuvOa//DgEvbXx62DS6elGVqusWhRUbgw==",
      "requires": {
        "@types/hast": "^2.0.0",
        "rehype-parse": "^8.0.0",
        "rehype-stringify": "^9.0.0",
        "unified": "^10.0.0"
      }
    },
    "rehype-parse": {
      "version": "8.0.4",
      "resolved": "https://registry.npmjs.org/rehype-parse/-/rehype-parse-8.0.4.tgz",
      "integrity": "sha512-MJJKONunHjoTh4kc3dsM1v3C9kGrrxvA3U8PxZlP2SjH8RNUSrb+lF7Y0KVaUDnGH2QZ5vAn7ulkiajM9ifuqg==",
      "requires": {
        "@types/hast": "^2.0.0",
        "hast-util-from-parse5": "^7.0.0",
        "parse5": "^6.0.0",
        "unified": "^10.0.0"
      }
    },
    "rehype-stringify": {
      "version": "9.0.3",
      "resolved": "https://registry.npmjs.org/rehype-stringify/-/rehype-stringify-9.0.3.tgz",
      "integrity": "sha512-kWiZ1bgyWlgOxpqD5HnxShKAdXtb2IUljn3hQAhySeak6IOQPPt6DeGnsIh4ixm7yKJWzm8TXFuC/lPfcWHJqw==",
      "requires": {
        "@types/hast": "^2.0.0",
        "hast-util-to-html": "^8.0.0",
        "unified": "^10.0.0"
      }
    },
    "space-separated-tokens": {
      "version": "2.0.1",
      "resolved": "https://registry.npmjs.org/space-separated-tokens/-/space-separated-tokens-2.0.1.tgz",
      "integrity": "sha512-ekwEbFp5aqSPKaqeY1PGrlGQxPNaq+Cnx4+bE2D8sciBQrHpbwoBbawqTN2+6jPs9IdWxxiUcN0K2pkczD3zmw=="
    },
    "stringify-entities": {
      "version": "4.0.2",
      "resolved": "https://registry.npmjs.org/stringify-entities/-/stringify-entities-4.0.2.tgz",
      "integrity": "sha512-MTxTVcEkorNtBbNpoFJPEh0kKdM6+QbMjLbaxmvaPMmayOXdr/AIVIIJX7FReUVweRBFJfZepK4A4AKgwuFpMQ==",
      "requires": {
        "character-entities-html4": "^2.0.0",
        "character-entities-legacy": "^3.0.0"
      }
    },
    "trough": {
      "version": "2.1.0",
      "resolved": "https://registry.npmjs.org/trough/-/trough-2.1.0.tgz",
      "integrity": "sha512-AqTiAOLcj85xS7vQ8QkAV41hPDIJ71XJB4RCUrzo/1GM2CQwhkJGaf9Hgr7BOugMRpgGUrqRg/DrBDl4H40+8g=="
    },
    "unified": {
      "version": "10.1.2",
      "resolved": "https://registry.npmjs.org/unified/-/unified-10.1.2.tgz",
      "integrity": "sha512-pUSWAi/RAnVy1Pif2kAoeWNBa3JVrx0MId2LASj8G+7AiHWoKZNTomq6LG326T68U7/e263X6fTdcXIy7XnF7Q==",
      "requires": {
        "@types/unist": "^2.0.0",
        "bail": "^2.0.0",
        "extend": "^3.0.0",
        "is-buffer": "^2.0.0",
        "is-plain-obj": "^4.0.0",
        "trough": "^2.0.0",
        "vfile": "^5.0.0"
      }
    },
    "unist-util-is": {
      "version": "5.1.1",
      "resolved": "https://registry.npmjs.org/unist-util-is/-/unist-util-is-5.1.1.tgz",
      "integrity": "sha512-F5CZ68eYzuSvJjGhCLPL3cYx45IxkqXSetCcRgUXtbcm50X2L9oOWQlfUfDdAf+6Pd27YDblBfdtmsThXmwpbQ=="
    },
    "unist-util-stringify-position": {
      "version": "3.0.2",
      "resolved": "https://registry.npmjs.org/unist-util-stringify-position/-/unist-util-stringify-position-3.0.2.tgz",
      "integrity": "sha512-7A6eiDCs9UtjcwZOcCpM4aPII3bAAGv13E96IkawkOAW0OhH+yRxtY0lzo8KiHpzEMfH7Q+FizUmwp8Iqy5EWg==",
      "requires": {
        "@types/unist": "^2.0.0"
      }
    },
    "vfile": {
      "version": "5.3.2",
      "resolved": "https://registry.npmjs.org/vfile/-/vfile-5.3.2.tgz",
      "integrity": "sha512-w0PLIugRY3Crkgw89TeMvHCzqCs/zpreR31hl4D92y6SOE07+bfJe+dK5Q2akwS+i/c801kzjoOr9gMcTe6IAA==",
      "requires": {
        "@types/unist": "^2.0.0",
        "is-buffer": "^2.0.0",
        "unist-util-stringify-position": "^3.0.0",
        "vfile-message": "^3.0.0"
      }
    },
    "vfile-location": {
      "version": "4.0.1",
      "resolved": "https://registry.npmjs.org/vfile-location/-/vfile-location-4.0.1.tgz",
      "integrity": "sha512-JDxPlTbZrZCQXogGheBHjbRWjESSPEak770XwWPfw5mTc1v1nWGLB/apzZxsx8a0SJVfF8HK8ql8RD308vXRUw==",
      "requires": {
        "@types/unist": "^2.0.0",
        "vfile": "^5.0.0"
      }
    },
    "vfile-message": {
      "version": "3.1.2",
      "resolved": "https://registry.npmjs.org/vfile-message/-/vfile-message-3.1.2.tgz",
      "integrity": "sha512-QjSNP6Yxzyycd4SVOtmKKyTsSvClqBPJcd00Z0zuPj3hOIjg0rUPG6DbFGPvUKRgYyaIWLPKpuEclcuvb3H8qA==",
      "requires": {
        "@types/unist": "^2.0.0",
        "unist-util-stringify-position": "^3.0.0"
      }
    },
    "web-namespaces": {
      "version": "2.0.1",
      "resolved": "https://registry.npmjs.org/web-namespaces/-/web-namespaces-2.0.1.tgz",
      "integrity": "sha512-bKr1DkiNa2krS7qxNtdrtHAmzuYGFQLiQ13TsorsdT6ULTkPLKuu5+GsFpDlg6JFjUTwX2DyhMPG2be8uPrqsQ=="
    }
  }
}
